lockfileVersion: '9.0'

settings:
  autoInstallPeers: true
  excludeLinksFromLockfile: false

importers:

  .:
    dependencies:
      hono:
        specifier: ^4.12.17
        version: 4.12.17

packages:

  hono@4.12.17:
    resolution: {integrity: sha512-FbJJNb/XgX7YW0hX/V8w5oYLztKEsRLykCMZWt1WdLtsfjzMvmoqWBA4H4t5norinq8/rh20oiZYr+WSl4UzAQ==}
    engines: {node: '>=16.9.0'}

snapshots:

  hono@4.12.17: {}
