lockfileVersion: '9.0'

settings:
  autoInstallPeers: true
  excludeLinksFromLockfile: false

importers:

  .:
    dependencies:
      hono:
        specifier: ^4.12.14
        version: 4.12.14

packages:

  hono@4.12.14:
    resolution: {integrity: sha512-am5zfg3yu6sqn5yjKBNqhnTX7Cv+m00ox+7jbaKkrLMRJ4rAdldd1xPd/JzbBWspqaQv6RSTrgFN95EsfhC+7w==}
    engines: {node: '>=16.9.0'}

snapshots:

  hono@4.12.14: {}
