lockfileVersion: '9.0'

settings:
  autoInstallPeers: true
  excludeLinksFromLockfile: false

importers:

  .:
    dependencies:
      hono:
        specifier: ^4.12.11
        version: 4.12.11

packages:

  hono@4.12.11:
    resolution: {integrity: sha512-r4xbIa3mGGGoH9nN4A14DOg2wx7y2oQyJEb5O57C/xzETG/qx4c7CVDQ5WMeKHZ7ORk2W0hZ/sQKXTav3cmYBA==}
    engines: {node: '>=16.9.0'}

snapshots:

  hono@4.12.11: {}
